
Microsoft Visual Studio Solution File, Format Version 12.00
# Visual Studio 15
VisualStudioVersion = 15.0.27428.2002
MinimumVisualStudioVersion = 10.0.40219.1
Project("{8BC9CEB8-8B4A-11D0-8D11-00A0C91BC942}") = "darkplaces", "darkplaces.vcxproj", "{18E27D8C-9CDC-4E6B-A3A5-F7C695D9873C}"
EndProject
Project("{8BC9CEB8-8B4A-11D0-8D11-00A0C91BC942}") = "darkplaces-dedicated", "darkplaces-dedicated.vcxproj", "{EE58410C-BB6C-42BF-A896-DD093E8B59A5}"
EndProject
Project("{8BC9CEB8-8B4A-11D0-8D11-00A0C91BC942}") = "darkplaces-sdl", "darkplaces-sdl.vcxproj", "{6B315266-E8F0-4337-B446-57B1387BA7CE}"
EndProject
Global
	GlobalSection(SolutionConfigurationPlatforms) = preSolution
		Debug|x86 = Debug|x86
		Release|x86 = Release|x86
		Template|x86 = Template|x86
	EndGlobalSection
	GlobalSection(ProjectConfigurationPlatforms) = postSolution
		{18E27D8C-9CDC-4E6B-A3A5-F7C695D9873C}.Debug|x86.ActiveCfg = Debug|Win32
		{18E27D8C-9CDC-4E6B-A3A5-F7C695D9873C}.Debug|x86.Build.0 = Debug|Win32
		{18E27D8C-9CDC-4E6B-A3A5-F7C695D9873C}.Release|x86.ActiveCfg = Release|Win32
		{18E27D8C-9CDC-4E6B-A3A5-F7C695D9873C}.Release|x86.Build.0 = Release|Win32
		{18E27D8C-9CDC-4E6B-A3A5-F7C695D9873C}.Template|x86.ActiveCfg = Release|Win32
		{18E27D8C-9CDC-4E6B-A3A5-F7C695D9873C}.Template|x86.Build.0 = Release|Win32
		{EE58410C-BB6C-42BF-A896-DD093E8B59A5}.Debug|x86.ActiveCfg = Debug|Win32
		{EE58410C-BB6C-42BF-A896-DD093E8B59A5}.Debug|x86.Build.0 = Debug|Win32
		{EE58410C-BB6C-42BF-A896-DD093E8B59A5}.Release|x86.ActiveCfg = Release|Win32
		{EE58410C-BB6C-42BF-A896-DD093E8B59A5}.Release|x86.Build.0 = Release|Win32
		{EE58410C-BB6C-42BF-A896-DD093E8B59A5}.Template|x86.ActiveCfg = Template|Win32
		{EE58410C-BB6C-42BF-A896-DD093E8B59A5}.Template|x86.Build.0 = Template|Win32
		{6B315266-E8F0-4337-B446-57B1387BA7CE}.Debug|x86.ActiveCfg = Debug|Win32
		{6B315266-E8F0-4337-B446-57B1387BA7CE}.Debug|x86.Build.0 = Debug|Win32
		{6B315266-E8F0-4337-B446-57B1387BA7CE}.Release|x86.ActiveCfg = Release|Win32
		{6B315266-E8F0-4337-B446-57B1387BA7CE}.Release|x86.Build.0 = Release|Win32
		{6B315266-E8F0-4337-B446-57B1387BA7CE}.Template|x86.ActiveCfg = Template|Win32
		{6B315266-E8F0-4337-B446-57B1387BA7CE}.Template|x86.Build.0 = Template|Win32
	EndGlobalSection
	GlobalSection(SolutionProperties) = preSolution
		HideSolutionNode = FALSE
	EndGlobalSection
	GlobalSection(ExtensibilityGlobals) = postSolution
		SolutionGuid = {80D709D5-4CA9-4C23-90E6-9932584F402C}
	EndGlobalSection
EndGlobal
